
Microsoft Visual Studio Solution File, Format Version 12.00
# Visual Studio Version 17
VisualStudioVersion = 17.2.32630.192
MinimumVisualStudioVersion = 10.0.40219.1
Project("{FAE04EC0-301F-11D3-BF4B-00C04F79EFBC}") = "bytebank", "bytebank\bytebank.csproj", "{DB6F67C8-0957-49F9-B1DD-2CFD79FAA0DF}"
EndProject
Global
	GlobalSection(SolutionConfigurationPlatforms) = preSolution
		Debug|Any CPU = Debug|Any CPU
		Release|Any CPU = Release|Any CPU
	EndGlobalSection
	GlobalSection(ProjectConfigurationPlatforms) = postSolution
		{DB6F67C8-0957-49F9-B1DD-2CFD79FAA0DF}.Debug|Any CPU.ActiveCfg = Debug|Any CPU
		{DB6F67C8-0957-49F9-B1DD-2CFD79FAA0DF}.Debug|Any CPU.Build.0 = Debug|Any CPU
		{DB6F67C8-0957-49F9-B1DD-2CFD79FAA0DF}.Release|Any CPU.ActiveCfg = Release|Any CPU
		{DB6F67C8-0957-49F9-B1DD-2CFD79FAA0DF}.Release|Any CPU.Build.0 = Release|Any CPU
	EndGlobalSection
	GlobalSection(SolutionProperties) = preSolution
		HideSolutionNode = FALSE
	EndGlobalSection
	GlobalSection(ExtensibilityGlobals) = postSolution
		SolutionGuid = {A995F023-F2F5-43A2-9F7F-FE99E1C4C6BE}
	EndGlobalSection
EndGlobal
